
Microsoft Visual Studio Solution File, Format Version 12.00
# Visual Studio Version 17
VisualStudioVersion = 17.7.34202.233
MinimumVisualStudioVersion = 10.0.40219.1
Project("{FAE04EC0-301F-11D3-BF4B-00C04F79EFBC}") = "Calculadora", "Calculadora.csproj", "{F00C4B1D-A284-4DBA-8A7E-1CF4D6237F45}"
EndProject
Global
	GlobalSection(SolutionConfigurationPlatforms) = preSolution
		Debug|Any CPU = Debug|Any CPU
		Release|Any CPU = Release|Any CPU
	EndGlobalSection
	GlobalSection(ProjectConfigurationPlatforms) = postSolution
		{F00C4B1D-A284-4DBA-8A7E-1CF4D6237F45}.Debug|Any CPU.ActiveCfg = Debug|Any CPU
		{F00C4B1D-A284-4DBA-8A7E-1CF4D6237F45}.Debug|Any CPU.Build.0 = Debug|Any CPU
		{F00C4B1D-A284-4DBA-8A7E-1CF4D6237F45}.Release|Any CPU.ActiveCfg = Release|Any CPU
		{F00C4B1D-A284-4DBA-8A7E-1CF4D6237F45}.Release|Any CPU.Build.0 = Release|Any CPU
	EndGlobalSection
	GlobalSection(SolutionProperties) = preSolution
		HideSolutionNode = FALSE
	EndGlobalSection
	GlobalSection(ExtensibilityGlobals) = postSolution
		SolutionGuid = {0DEEBF4A-7768-4661-92A0-686275D832DA}
	EndGlobalSection
EndGlobal
